
Microsoft Visual Studio Solution File, Format Version 12.00
# Visual Studio Version 17
VisualStudioVersion = 17.0.31919.166
MinimumVisualStudioVersion = 10.0.40219.1
Project("{FAE04EC0-301F-11D3-BF4B-00C04F79EFBC}") = "Garage_App", "Garage_App\Garage_App.csproj", "{F38B3CDB-5B8C-48C3-935D-762C7CF65203}"
EndProject
Global
	GlobalSection(SolutionConfigurationPlatforms) = preSolution
		Debug|Any CPU = Debug|Any CPU
		Release|Any CPU = Release|Any CPU
	EndGlobalSection
	GlobalSection(ProjectConfigurationPlatforms) = postSolution
		{F38B3CDB-5B8C-48C3-935D-762C7CF65203}.Debug|Any CPU.ActiveCfg = Debug|Any CPU
		{F38B3CDB-5B8C-48C3-935D-762C7CF65203}.Debug|Any CPU.Build.0 = Debug|Any CPU
		{F38B3CDB-5B8C-48C3-935D-762C7CF65203}.Release|Any CPU.ActiveCfg = Release|Any CPU
		{F38B3CDB-5B8C-48C3-935D-762C7CF65203}.Release|Any CPU.Build.0 = Release|Any CPU
	EndGlobalSection
	GlobalSection(SolutionProperties) = preSolution
		HideSolutionNode = FALSE
	EndGlobalSection
	GlobalSection(ExtensibilityGlobals) = postSolution
		SolutionGuid = {80297F9E-5C88-4086-BB2D-0FBD0F28E716}
	EndGlobalSection
EndGlobal
